
Microsoft Visual Studio Solution File, Format Version 11.00
# Visual Studio 2010
Project("{FAE04EC0-301F-11D3-BF4B-00C04F79EFBC}") = "csLog", "csLog\csLog.csproj", "{F1EE65C0-5C81-45B2-ACDD-14C059FA5002}"
EndProject
Global
	GlobalSection(SolutionConfigurationPlatforms) = preSolution
		Debug|Any CPU = Debug|Any CPU
		Release|Any CPU = Release|Any CPU
	EndGlobalSection
	GlobalSection(ProjectConfigurationPlatforms) = postSolution
		{F1EE65C0-5C81-45B2-ACDD-14C059FA5002}.Debug|Any CPU.ActiveCfg = Debug|Any CPU
		{F1EE65C0-5C81-45B2-ACDD-14C059FA5002}.Debug|Any CPU.Build.0 = Debug|Any CPU
		{F1EE65C0-5C81-45B2-ACDD-14C059FA5002}.Release|Any CPU.ActiveCfg = Release|Any CPU
		{F1EE65C0-5C81-45B2-ACDD-14C059FA5002}.Release|Any CPU.Build.0 = Release|Any CPU
	EndGlobalSection
	GlobalSection(SolutionProperties) = preSolution
		HideSolutionNode = FALSE
	EndGlobalSection
EndGlobal
